
Microsoft Visual Studio Solution File, Format Version 11.00
# Visual Studio 2010
Project("{FAE04EC0-301F-11D3-BF4B-00C04F79EFBC}") = "Retreave", "Retreave\Retreave.csproj", "{3AAAA4EB-D529-4FB6-9F99-B60907934B0D}"
EndProject
Project("{FAE04EC0-301F-11D3-BF4B-00C04F79EFBC}") = "Retreave.Domain", "Retreave.Domain\Retreave.Domain.csproj", "{B00B782F-4DC7-46A6-AA68-C725F46CB8CF}"
EndProject
Project("{FAE04EC0-301F-11D3-BF4B-00C04F79EFBC}") = "Retreave.Indexer", "Retreave.Indexer\Retreave.Indexer.csproj", "{584D3B65-B772-413E-A787-5BBEA2FA12C8}"
EndProject
Project("{FAE04EC0-301F-11D3-BF4B-00C04F79EFBC}") = "SearchTestUi", "SearchTestUi\SearchTestUi.csproj", "{A3717D82-9514-4970-B32D-F028419A6972}"
EndProject
Global
	GlobalSection(SolutionConfigurationPlatforms) = preSolution
		Debug|Any CPU = Debug|Any CPU
		Debug|Mixed Platforms = Debug|Mixed Platforms
		Debug|x86 = Debug|x86
		Release|Any CPU = Release|Any CPU
		Release|Mixed Platforms = Release|Mixed Platforms
		Release|x86 = Release|x86
	EndGlobalSection
	GlobalSection(ProjectConfigurationPlatforms) = postSolution
		{3AAAA4EB-D529-4FB6-9F99-B60907934B0D}.Debug|Any CPU.ActiveCfg = Debug|Any CPU
		{3AAAA4EB-D529-4FB6-9F99-B60907934B0D}.Debug|Any CPU.Build.0 = Debug|Any CPU
		{3AAAA4EB-D529-4FB6-9F99-B60907934B0D}.Debug|Mixed Platforms.ActiveCfg = Debug|Any CPU
		{3AAAA4EB-D529-4FB6-9F99-B60907934B0D}.Debug|Mixed Platforms.Build.0 = Debug|Any CPU
		{3AAAA4EB-D529-4FB6-9F99-B60907934B0D}.Debug|x86.ActiveCfg = Debug|Any CPU
		{3AAAA4EB-D529-4FB6-9F99-B60907934B0D}.Release|Any CPU.ActiveCfg = Release|Any CPU
		{3AAAA4EB-D529-4FB6-9F99-B60907934B0D}.Release|Any CPU.Build.0 = Release|Any CPU
		{3AAAA4EB-D529-4FB6-9F99-B60907934B0D}.Release|Mixed Platforms.ActiveCfg = Release|Any CPU
		{3AAAA4EB-D529-4FB6-9F99-B60907934B0D}.Release|Mixed Platforms.Build.0 = Release|Any CPU
		{3AAAA4EB-D529-4FB6-9F99-B60907934B0D}.Release|x86.ActiveCfg = Release|Any CPU
		{B00B782F-4DC7-46A6-AA68-C725F46CB8CF}.Debug|Any CPU.ActiveCfg = Debug|Any CPU
		{B00B782F-4DC7-46A6-AA68-C725F46CB8CF}.Debug|Any CPU.Build.0 = Debug|Any CPU
		{B00B782F-4DC7-46A6-AA68-C725F46CB8CF}.Debug|Mixed Platforms.ActiveCfg = Debug|Any CPU
		{B00B782F-4DC7-46A6-AA68-C725F46CB8CF}.Debug|Mixed Platforms.Build.0 = Debug|Any CPU
		{B00B782F-4DC7-46A6-AA68-C725F46CB8CF}.Debug|x86.ActiveCfg = Debug|Any CPU
		{B00B782F-4DC7-46A6-AA68-C725F46CB8CF}.Release|Any CPU.ActiveCfg = Release|Any CPU
		{B00B782F-4DC7-46A6-AA68-C725F46CB8CF}.Release|Any CPU.Build.0 = Release|Any CPU
		{B00B782F-4DC7-46A6-AA68-C725F46CB8CF}.Release|Mixed Platforms.ActiveCfg = Release|Any CPU
		{B00B782F-4DC7-46A6-AA68-C725F46CB8CF}.Release|Mixed Platforms.Build.0 = Release|Any CPU
		{B00B782F-4DC7-46A6-AA68-C725F46CB8CF}.Release|x86.ActiveCfg = Release|Any CPU
		{584D3B65-B772-413E-A787-5BBEA2FA12C8}.Debug|Any CPU.ActiveCfg = Debug|x86
		{584D3B65-B772-413E-A787-5BBEA2FA12C8}.Debug|Mixed Platforms.ActiveCfg = Debug|x86
		{584D3B65-B772-413E-A787-5BBEA2FA12C8}.Debug|Mixed Platforms.Build.0 = Debug|x86
		{584D3B65-B772-413E-A787-5BBEA2FA12C8}.Debug|x86.ActiveCfg = Debug|x86
		{584D3B65-B772-413E-A787-5BBEA2FA12C8}.Debug|x86.Build.0 = Debug|x86
		{584D3B65-B772-413E-A787-5BBEA2FA12C8}.Release|Any CPU.ActiveCfg = Release|x86
		{584D3B65-B772-413E-A787-5BBEA2FA12C8}.Release|Mixed Platforms.ActiveCfg = Release|x86
		{584D3B65-B772-413E-A787-5BBEA2FA12C8}.Release|Mixed Platforms.Build.0 = Release|x86
		{584D3B65-B772-413E-A787-5BBEA2FA12C8}.Release|x86.ActiveCfg = Release|x86
		{584D3B65-B772-413E-A787-5BBEA2FA12C8}.Release|x86.Build.0 = Release|x86
		{A3717D82-9514-4970-B32D-F028419A6972}.Debug|Any CPU.ActiveCfg = Debug|x86
		{A3717D82-9514-4970-B32D-F028419A6972}.Debug|Mixed Platforms.ActiveCfg = Debug|x86
		{A3717D82-9514-4970-B32D-F028419A6972}.Debug|Mixed Platforms.Build.0 = Debug|x86
		{A3717D82-9514-4970-B32D-F028419A6972}.Debug|x86.ActiveCfg = Debug|x86
		{A3717D82-9514-4970-B32D-F028419A6972}.Debug|x86.Build.0 = Debug|x86
		{A3717D82-9514-4970-B32D-F028419A6972}.Release|Any CPU.ActiveCfg = Release|x86
		{A3717D82-9514-4970-B32D-F028419A6972}.Release|Mixed Platforms.ActiveCfg = Release|x86
		{A3717D82-9514-4970-B32D-F028419A6972}.Release|Mixed Platforms.Build.0 = Release|x86
		{A3717D82-9514-4970-B32D-F028419A6972}.Release|x86.ActiveCfg = Release|x86
		{A3717D82-9514-4970-B32D-F028419A6972}.Release|x86.Build.0 = Release|x86
	EndGlobalSection
	GlobalSection(SolutionProperties) = preSolution
		HideSolutionNode = FALSE
	EndGlobalSection
EndGlobal
